
Microsoft Visual Studio Solution File, Format Version 12.00
# Visual Studio Version 17
VisualStudioVersion = 17.4.33213.308
MinimumVisualStudioVersion = 10.0.40219.1
Project("{FAE04EC0-301F-11D3-BF4B-00C04F79EFBC}") = "cnsOOPRectangle", "cnsOOPRectangle\cnsOOPRectangle.csproj", "{51B67D63-217E-43B9-A4B4-181818E4DFA7}"
EndProject
Global
	GlobalSection(SolutionConfigurationPlatforms) = preSolution
		Debug|Any CPU = Debug|Any CPU
		Release|Any CPU = Release|Any CPU
	EndGlobalSection
	GlobalSection(ProjectConfigurationPlatforms) = postSolution
		{51B67D63-217E-43B9-A4B4-181818E4DFA7}.Debug|Any CPU.ActiveCfg = Debug|Any CPU
		{51B67D63-217E-43B9-A4B4-181818E4DFA7}.Debug|Any CPU.Build.0 = Debug|Any CPU
		{51B67D63-217E-43B9-A4B4-181818E4DFA7}.Release|Any CPU.ActiveCfg = Release|Any CPU
		{51B67D63-217E-43B9-A4B4-181818E4DFA7}.Release|Any CPU.Build.0 = Release|Any CPU
	EndGlobalSection
	GlobalSection(SolutionProperties) = preSolution
		HideSolutionNode = FALSE
	EndGlobalSection
	GlobalSection(ExtensibilityGlobals) = postSolution
		SolutionGuid = {85B35743-11E3-42CD-B87E-D40B38A93E4B}
	EndGlobalSection
EndGlobal
