
Microsoft Visual Studio Solution File, Format Version 12.00
# Visual Studio Version 17
VisualStudioVersion = 17.4.33213.308
MinimumVisualStudioVersion = 10.0.40219.1
Project("{FAE04EC0-301F-11D3-BF4B-00C04F79EFBC}") = "wpfTemplate", "wpfTemplate\wpfTemplate.csproj", "{C4AC8F4B-ABFB-40F5-AF4B-FEF2CED4AAFB}"
EndProject
Global
	GlobalSection(SolutionConfigurationPlatforms) = preSolution
		Debug|Any CPU = Debug|Any CPU
		Release|Any CPU = Release|Any CPU
	EndGlobalSection
	GlobalSection(ProjectConfigurationPlatforms) = postSolution
		{C4AC8F4B-ABFB-40F5-AF4B-FEF2CED4AAFB}.Debug|Any CPU.ActiveCfg = Debug|Any CPU
		{C4AC8F4B-ABFB-40F5-AF4B-FEF2CED4AAFB}.Debug|Any CPU.Build.0 = Debug|Any CPU
		{C4AC8F4B-ABFB-40F5-AF4B-FEF2CED4AAFB}.Release|Any CPU.ActiveCfg = Release|Any CPU
		{C4AC8F4B-ABFB-40F5-AF4B-FEF2CED4AAFB}.Release|Any CPU.Build.0 = Release|Any CPU
	EndGlobalSection
	GlobalSection(SolutionProperties) = preSolution
		HideSolutionNode = FALSE
	EndGlobalSection
	GlobalSection(ExtensibilityGlobals) = postSolution
		SolutionGuid = {E4F14DFA-294F-4786-882A-AD1E8B322214}
	EndGlobalSection
EndGlobal
