
Microsoft Visual Studio Solution File, Format Version 12.00
# Visual Studio Version 17
VisualStudioVersion = 17.4.33213.308
MinimumVisualStudioVersion = 10.0.40219.1
Project("{FAE04EC0-301F-11D3-BF4B-00C04F79EFBC}") = "wpfWrapPanel", "wpfWrapPanel\wpfWrapPanel.csproj", "{1E670B88-2DCD-400B-8787-32D951B0D689}"
EndProject
Global
	GlobalSection(SolutionConfigurationPlatforms) = preSolution
		Debug|Any CPU = Debug|Any CPU
		Release|Any CPU = Release|Any CPU
	EndGlobalSection
	GlobalSection(ProjectConfigurationPlatforms) = postSolution
		{1E670B88-2DCD-400B-8787-32D951B0D689}.Debug|Any CPU.ActiveCfg = Debug|Any CPU
		{1E670B88-2DCD-400B-8787-32D951B0D689}.Debug|Any CPU.Build.0 = Debug|Any CPU
		{1E670B88-2DCD-400B-8787-32D951B0D689}.Release|Any CPU.ActiveCfg = Release|Any CPU
		{1E670B88-2DCD-400B-8787-32D951B0D689}.Release|Any CPU.Build.0 = Release|Any CPU
	EndGlobalSection
	GlobalSection(SolutionProperties) = preSolution
		HideSolutionNode = FALSE
	EndGlobalSection
	GlobalSection(ExtensibilityGlobals) = postSolution
		SolutionGuid = {2E9C579A-34D0-4AF4-85D3-2EE090EFC7D0}
	EndGlobalSection
EndGlobal
