
Microsoft Visual Studio Solution File, Format Version 12.00
# Visual Studio Version 17
VisualStudioVersion = 17.4.33213.308
MinimumVisualStudioVersion = 10.0.40219.1
Project("{FAE04EC0-301F-11D3-BF4B-00C04F79EFBC}") = "wfAnchor", "wfAnchor.csproj", "{CF928E02-3B92-44F4-AFF6-5C968ED966EE}"
EndProject
Global
	GlobalSection(SolutionConfigurationPlatforms) = preSolution
		Debug|Any CPU = Debug|Any CPU
		Release|Any CPU = Release|Any CPU
	EndGlobalSection
	GlobalSection(ProjectConfigurationPlatforms) = postSolution
		{CF928E02-3B92-44F4-AFF6-5C968ED966EE}.Debug|Any CPU.ActiveCfg = Debug|Any CPU
		{CF928E02-3B92-44F4-AFF6-5C968ED966EE}.Debug|Any CPU.Build.0 = Debug|Any CPU
		{CF928E02-3B92-44F4-AFF6-5C968ED966EE}.Release|Any CPU.ActiveCfg = Release|Any CPU
		{CF928E02-3B92-44F4-AFF6-5C968ED966EE}.Release|Any CPU.Build.0 = Release|Any CPU
	EndGlobalSection
	GlobalSection(SolutionProperties) = preSolution
		HideSolutionNode = FALSE
	EndGlobalSection
	GlobalSection(ExtensibilityGlobals) = postSolution
		SolutionGuid = {67CECE9B-6F85-4C2A-A453-F74544A0AE23}
	EndGlobalSection
EndGlobal
