
Microsoft Visual Studio Solution File, Format Version 12.00
# Visual Studio Version 17
VisualStudioVersion = 17.4.33213.308
MinimumVisualStudioVersion = 10.0.40219.1
Project("{FAE04EC0-301F-11D3-BF4B-00C04F79EFBC}") = "wpfHello", "wpfHello\wpfHello.csproj", "{BC1C3E5B-72E3-416C-9818-B6B3EC8182D8}"
EndProject
Global
	GlobalSection(SolutionConfigurationPlatforms) = preSolution
		Debug|Any CPU = Debug|Any CPU
		Release|Any CPU = Release|Any CPU
	EndGlobalSection
	GlobalSection(ProjectConfigurationPlatforms) = postSolution
		{BC1C3E5B-72E3-416C-9818-B6B3EC8182D8}.Debug|Any CPU.ActiveCfg = Debug|Any CPU
		{BC1C3E5B-72E3-416C-9818-B6B3EC8182D8}.Debug|Any CPU.Build.0 = Debug|Any CPU
		{BC1C3E5B-72E3-416C-9818-B6B3EC8182D8}.Release|Any CPU.ActiveCfg = Release|Any CPU
		{BC1C3E5B-72E3-416C-9818-B6B3EC8182D8}.Release|Any CPU.Build.0 = Release|Any CPU
	EndGlobalSection
	GlobalSection(SolutionProperties) = preSolution
		HideSolutionNode = FALSE
	EndGlobalSection
	GlobalSection(ExtensibilityGlobals) = postSolution
		SolutionGuid = {BD2309C6-3E99-4F8C-9FCD-9471A2BFE58C}
	EndGlobalSection
EndGlobal
