
Microsoft Visual Studio Solution File, Format Version 12.00
# Visual Studio Version 17
VisualStudioVersion = 17.4.33213.308
MinimumVisualStudioVersion = 10.0.40219.1
Project("{FAE04EC0-301F-11D3-BF4B-00C04F79EFBC}") = "wpfEventAttach", "wpfEventAttach\wpfEventAttach.csproj", "{03C39601-A8E4-419F-8981-8398FDDAA6AA}"
EndProject
Global
	GlobalSection(SolutionConfigurationPlatforms) = preSolution
		Debug|Any CPU = Debug|Any CPU
		Release|Any CPU = Release|Any CPU
	EndGlobalSection
	GlobalSection(ProjectConfigurationPlatforms) = postSolution
		{03C39601-A8E4-419F-8981-8398FDDAA6AA}.Debug|Any CPU.ActiveCfg = Debug|Any CPU
		{03C39601-A8E4-419F-8981-8398FDDAA6AA}.Debug|Any CPU.Build.0 = Debug|Any CPU
		{03C39601-A8E4-419F-8981-8398FDDAA6AA}.Release|Any CPU.ActiveCfg = Release|Any CPU
		{03C39601-A8E4-419F-8981-8398FDDAA6AA}.Release|Any CPU.Build.0 = Release|Any CPU
	EndGlobalSection
	GlobalSection(SolutionProperties) = preSolution
		HideSolutionNode = FALSE
	EndGlobalSection
	GlobalSection(ExtensibilityGlobals) = postSolution
		SolutionGuid = {B8233C21-574B-4188-9117-D9E6665AE333}
	EndGlobalSection
EndGlobal
