
Microsoft Visual Studio Solution File, Format Version 12.00
# Visual Studio Version 17
VisualStudioVersion = 17.4.33213.308
MinimumVisualStudioVersion = 10.0.40219.1
Project("{FAE04EC0-301F-11D3-BF4B-00C04F79EFBC}") = "wpfWindowResources", "wpfWindowResources\wpfWindowResources.csproj", "{EC705967-5E23-424C-BB7A-5946E0BCD7AA}"
EndProject
Global
	GlobalSection(SolutionConfigurationPlatforms) = preSolution
		Debug|Any CPU = Debug|Any CPU
		Release|Any CPU = Release|Any CPU
	EndGlobalSection
	GlobalSection(ProjectConfigurationPlatforms) = postSolution
		{EC705967-5E23-424C-BB7A-5946E0BCD7AA}.Debug|Any CPU.ActiveCfg = Debug|Any CPU
		{EC705967-5E23-424C-BB7A-5946E0BCD7AA}.Debug|Any CPU.Build.0 = Debug|Any CPU
		{EC705967-5E23-424C-BB7A-5946E0BCD7AA}.Release|Any CPU.ActiveCfg = Release|Any CPU
		{EC705967-5E23-424C-BB7A-5946E0BCD7AA}.Release|Any CPU.Build.0 = Release|Any CPU
	EndGlobalSection
	GlobalSection(SolutionProperties) = preSolution
		HideSolutionNode = FALSE
	EndGlobalSection
	GlobalSection(ExtensibilityGlobals) = postSolution
		SolutionGuid = {28FDA01B-C65C-4FA8-83FE-A24C2129D1D1}
	EndGlobalSection
EndGlobal
