
Microsoft Visual Studio Solution File, Format Version 12.00
# Visual Studio Version 17
VisualStudioVersion = 17.4.33213.308
MinimumVisualStudioVersion = 10.0.40219.1
Project("{FAE04EC0-301F-11D3-BF4B-00C04F79EFBC}") = "wfaControlPuzzle", "wfaControlPuzzle\wfaControlPuzzle.csproj", "{B7FF70AB-A1D8-4430-816F-1A5CA9381ADA}"
EndProject
Global
	GlobalSection(SolutionConfigurationPlatforms) = preSolution
		Debug|Any CPU = Debug|Any CPU
		Release|Any CPU = Release|Any CPU
	EndGlobalSection
	GlobalSection(ProjectConfigurationPlatforms) = postSolution
		{B7FF70AB-A1D8-4430-816F-1A5CA9381ADA}.Debug|Any CPU.ActiveCfg = Debug|Any CPU
		{B7FF70AB-A1D8-4430-816F-1A5CA9381ADA}.Debug|Any CPU.Build.0 = Debug|Any CPU
		{B7FF70AB-A1D8-4430-816F-1A5CA9381ADA}.Release|Any CPU.ActiveCfg = Release|Any CPU
		{B7FF70AB-A1D8-4430-816F-1A5CA9381ADA}.Release|Any CPU.Build.0 = Release|Any CPU
	EndGlobalSection
	GlobalSection(SolutionProperties) = preSolution
		HideSolutionNode = FALSE
	EndGlobalSection
	GlobalSection(ExtensibilityGlobals) = postSolution
		SolutionGuid = {BC889866-B822-4AA2-B2F3-548A6E77DB69}
	EndGlobalSection
EndGlobal
